
Microsoft Visual Studio Solution File, Format Version 12.00
# Visual Studio Version 17
VisualStudioVersion = 17.6.33815.320
MinimumVisualStudioVersion = 10.0.40219.1
Project("{FAE04EC0-301F-11D3-BF4B-00C04F79EFBC}") = "Triangulo", "Triangulo.csproj", "{2B01FE70-3731-4EA3-AE97-492A1FE0242D}"
EndProject
Global
	GlobalSection(SolutionConfigurationPlatforms) = preSolution
		Debug|Any CPU = Debug|Any CPU
		Release|Any CPU = Release|Any CPU
	EndGlobalSection
	GlobalSection(ProjectConfigurationPlatforms) = postSolution
		{2B01FE70-3731-4EA3-AE97-492A1FE0242D}.Debug|Any CPU.ActiveCfg = Debug|Any CPU
		{2B01FE70-3731-4EA3-AE97-492A1FE0242D}.Debug|Any CPU.Build.0 = Debug|Any CPU
		{2B01FE70-3731-4EA3-AE97-492A1FE0242D}.Release|Any CPU.ActiveCfg = Release|Any CPU
		{2B01FE70-3731-4EA3-AE97-492A1FE0242D}.Release|Any CPU.Build.0 = Release|Any CPU
	EndGlobalSection
	GlobalSection(SolutionProperties) = preSolution
		HideSolutionNode = FALSE
	EndGlobalSection
	GlobalSection(ExtensibilityGlobals) = postSolution
		SolutionGuid = {17626169-8B03-4650-9B58-63E83D737D6F}
	EndGlobalSection
EndGlobal
